
Microsoft Visual Studio Solution File, Format Version 12.00
# Visual Studio 2012
Project("{8BC9CEB8-8B4A-11D0-8D11-00A0C91BC942}") = "CProjeSiginmaci", "CProjeSiginmaci\CProjeSiginmaci.vcxproj", "{AE4A6C2F-436C-4DAF-9B8F-C16B6B4A5962}"
EndProject
Global
	GlobalSection(SolutionConfigurationPlatforms) = preSolution
		Debug|Win32 = Debug|Win32
		Release|Win32 = Release|Win32
	EndGlobalSection
	GlobalSection(ProjectConfigurationPlatforms) = postSolution
		{AE4A6C2F-436C-4DAF-9B8F-C16B6B4A5962}.Debug|Win32.ActiveCfg = Debug|Win32
		{AE4A6C2F-436C-4DAF-9B8F-C16B6B4A5962}.Debug|Win32.Build.0 = Debug|Win32
		{AE4A6C2F-436C-4DAF-9B8F-C16B6B4A5962}.Release|Win32.ActiveCfg = Release|Win32
		{AE4A6C2F-436C-4DAF-9B8F-C16B6B4A5962}.Release|Win32.Build.0 = Release|Win32
	EndGlobalSection
	GlobalSection(SolutionProperties) = preSolution
		HideSolutionNode = FALSE
	EndGlobalSection
EndGlobal
